// !$*UTF8*$!
{
	archiveVersion = 1;
	classes = {
	};
	objectVersion = 46;
	objects = {

/* Begin PBXBuildFile section */
		45CEE6241AB53F3A00A044AC /* AppDelegate.m in Sources */ = {isa = PBXBuildFile; fileRef = 45CEE6231AB53F3A00A044AC /* AppDelegate.m */; };
		45CEE6261AB53F3A00A044AC /* main.m in Sources */ = {isa = PBXBuildFile; fileRef = 45CEE6251AB53F3A00A044AC /* main.m */; };
		45CEE6281AB53F3A00A044AC /* Images.xcassets in Resources */ = {isa = PBXBuildFile; fileRef = 45CEE6271AB53F3A00A044AC /* Images.xcassets */; };
		45CEE62B1AB53F3A00A044AC /* MainMenu.xib in Resources */ = {isa = PBXBuildFile; fileRef = 45CEE6291AB53F3A00A044AC /* MainMenu.xib */; };
		45CEE6371AB53F3A00A044AC /* TrackMixTests.m in Sources */ = {isa = PBXBuildFile; fileRef = 45CEE6361AB53F3A00A044AC /* TrackMixTests.m */; };
		88EFFB281AB6DAD700E3C850 /* Track.m in Sources */ = {isa = PBXBuildFile; fileRef = 88EFFB271AB6DAD700E3C850 /* Track.m */; };
/* End PBXBuildFile section */

/* Begin PBXContainerItemProxy section */
		45CEE6311AB53F3A00A044AC /* PBXContainerItemProxy */ = {
			isa = PBXContainerItemProxy;
			containerPortal = 45CEE6151AB53F3A00A044AC /* Project object */;
			proxyType = 1;
			remoteGlobalIDString = 45CEE61C1AB53F3A00A044AC;
			remoteInfo = TrackMix;
		};
/* End PBXContainerItemProxy section */

/* Begin PBXFileReference section */
		45CEE61D1AB53F3A00A044AC /* TrackMix.app */ = {isa = PBXFileReference; explicitFileType = wrapper.application; includeInIndex = 0; path = TrackMix.app; sourceTree = BUILT_PRODUCTS_DIR; };
		45CEE6211AB53F3A00A044AC /* Info.plist */ = {isa = PBXFileReference; lastKnownFileType = text.plist.xml; path = Info.plist; sourceTree = "<group>"; };
		45CEE6221AB53F3A00A044AC /* AppDelegate.h */ = {isa = PBXFileReference; lastKnownFileType = sourcecode.c.h; path = AppDelegate.h; sourceTree = "<group>"; };
		45CEE6231AB53F3A00A044AC /* AppDelegate.m */ = {isa = PBXFileReference; lastKnownFileType = sourcecode.c.objc; path = AppDelegate.m; sourceTree = "<group>"; };
		45CEE6251AB53F3A00A044AC /* main.m */ = {isa = PBXFileReference; lastKnownFileType = sourcecode.c.objc; path = main.m; sourceTree = "<group>"; };
		45CEE6271AB53F3A00A044AC /* Images.xcassets */ = {isa = PBXFileReference; lastKnownFileType = folder.assetcatalog; path = Images.xcassets; sourceTree = "<group>"; };
		45CEE62A1AB53F3A00A044AC /* Base */ = {isa = PBXFileReference; lastKnownFileType = file.xib; name = Base; path = Base.lproj/MainMenu.xib; sourceTree = "<group>"; };
		45CEE6301AB53F3A00A044AC /* TrackMixTests.xctest */ = {isa = PBXFileReference; explicitFileType = wrapper.cfbundle; includeInIndex = 0; path = TrackMixTests.xctest; sourceTree = BUILT_PRODUCTS_DIR; };
		45CEE6351AB53F3A00A044AC /* Info.plist */ = {isa = PBXFileReference; lastKnownFileType = text.plist.xml; path = Info.plist; sourceTree = "<group>"; };
		45CEE6361AB53F3A00A044AC /* TrackMixTests.m */ = {isa = PBXFileReference; lastKnownFileType = sourcecode.c.objc; path = TrackMixTests.m; sourceTree = "<group>"; };
		88EFFB261AB6DAD700E3C850 /* Track.h */ = {isa = PBXFileReference; fileEncoding = 4; lastKnownFileType = sourcecode.c.h; path = Track.h; sourceTree = "<group>"; };
		88EFFB271AB6DAD700E3C850 /* Track.m */ = {isa = PBXFileReference; fileEncoding = 4; lastKnownFileType = sourcecode.c.objc; path = Track.m; sourceTree = "<group>"; };
/* End PBXFileReference section */

/* Begin PBXFrameworksBuildPhase section */
		45CEE61A1AB53F3A00A044AC /* Frameworks */ = {
			isa = PBXFrameworksBuildPhase;
			buildActionMask = 2147483647;
			files = (
			);
			runOnlyForDeploymentPostprocessing = 0;
		};
		45CEE62D1AB53F3A00A044AC /* Frameworks */ = {
			isa = PBXFrameworksBuildPhase;
			buildActionMask = 2147483647;
			files = (
			);
			runOnlyForDeploymentPostprocessing = 0;
		};
/* End PBXFrameworksBuildPhase section */

/* Begin PBXGroup section */
		45CEE6141AB53F3A00A044AC = {
			isa = PBXGroup;
			children = (
				45CEE61F1AB53F3A00A044AC /* TrackMix */,
				45CEE6331AB53F3A00A044AC /* TrackMixTests */,
				45CEE61E1AB53F3A00A044AC /* Products */,
			);
			sourceTree = "<group>";
		};
		45CEE61E1AB53F3A00A044AC /* Products */ = {
			isa = PBXGroup;
			children = (
				45CEE61D1AB53F3A00A044AC /* TrackMix.app */,
				45CEE6301AB53F3A00A044AC /* TrackMixTests.xctest */,
			);
			name = Products;
			sourceTree = "<group>";
		};
		45CEE61F1AB53F3A00A044AC /* TrackMix */ = {
			isa = PBXGroup;
			children = (
				88EFFB261AB6DAD700E3C850 /* Track.h */,
				88EFFB271AB6DAD700E3C850 /* Track.m */,
				45CEE6221AB53F3A00A044AC /* AppDelegate.h */,
				45CEE6231AB53F3A00A044AC /* AppDelegate.m */,
				45CEE6271AB53F3A00A044AC /* Images.xcassets */,
				45CEE6291AB53F3A00A044AC /* MainMenu.xib */,
				45CEE6201AB53F3A00A044AC /* Supporting Files */,
			);
			path = TrackMix;
			sourceTree = "<group>";
		};
		45CEE6201AB53F3A00A044AC /* Supporting Files */ = {
			isa = PBXGroup;
			children = (
				45CEE6211AB53F3A00A044AC /* Info.plist */,
				45CEE6251AB53F3A00A044AC /* main.m */,
			);
			name = "Supporting Files";
			sourceTree = "<group>";
		};
		45CEE6331AB53F3A00A044AC /* TrackMixTests */ = {
			isa = PBXGroup;
			children = (
				45CEE6361AB53F3A00A044AC /* TrackMixTests.m */,
				45CEE6341AB53F3A00A044AC /* Supporting Files */,
			);
			path = TrackMixTests;
			sourceTree = "<group>";
		};
		45CEE6341AB53F3A00A044AC /* Supporting Files */ = {
			isa = PBXGroup;
			children = (
				45CEE6351AB53F3A00A044AC /* Info.plist */,
			);
			name = "Supporting Files";
			sourceTree = "<group>";
		};
/* End PBXGroup section */

/* Begin PBXNativeTarget section */
		45CEE61C1AB53F3A00A044AC /* TrackMix */ = {
			isa = PBXNativeTarget;
			buildConfigurationList = 45CEE63A1AB53F3A00A044AC /* Build configuration list for PBXNativeTarget "TrackMix" */;
			buildPhases = (
				45CEE6191AB53F3A00A044AC /* Sources */,
				45CEE61A1AB53F3A00A044AC /* Frameworks */,
				45CEE61B1AB53F3A00A044AC /* Resources */,
			);
			buildRules = (
			);
			dependencies = (
			);
			name = TrackMix;
			productName = TrackMix;
			productReference = 45CEE61D1AB53F3A00A044AC /* TrackMix.app */;
			productType = "com.apple.product-type.application";
		};
		45CEE62F1AB53F3A00A044AC /* TrackMixTests */ = {
			isa = PBXNativeTarget;
			buildConfigurationList = 45CEE63D1AB53F3A00A044AC /* Build configuration list for PBXNativeTarget "TrackMixTests" */;
			buildPhases = (
				45CEE62C1AB53F3A00A044AC /* Sources */,
				45CEE62D1AB53F3A00A044AC /* Frameworks */,
				45CEE62E1AB53F3A00A044AC /* Resources */,
			);
			buildRules = (
			);
			dependencies = (
				45CEE6321AB53F3A00A044AC /* PBXTargetDependency */,
			);
			name = TrackMixTests;
			productName = TrackMixTests;
			productReference = 45CEE6301AB53F3A00A044AC /* TrackMixTests.xctest */;
			productType = "com.apple.product-type.bundle.unit-test";
		};
/* End PBXNativeTarget section */

/* Begin PBXProject section */
		45CEE6151AB53F3A00A044AC /* Project object */ = {
			isa = PBXProject;
			attributes = {
				LastUpgradeCheck = 0620;
				ORGANIZATIONNAME = air;
				TargetAttributes = {
					45CEE61C1AB53F3A00A044AC = {
						CreatedOnToolsVersion = 6.2;
					};
					45CEE62F1AB53F3A00A044AC = {
						CreatedOnToolsVersion = 6.2;
						TestTargetID = 45CEE61C1AB53F3A00A044AC;
					};
				};
			};
			buildConfigurationList = 45CEE6181AB53F3A00A044AC /* Build configuration list for PBXProject "TrackMix" */;
			compatibilityVersion = "Xcode 3.2";
			developmentRegion = English;
			hasScannedForEncodings = 0;
			knownRegions = (
				en,
				Base,
			);
			mainGroup = 45CEE6141AB53F3A00A044AC;
			productRefGroup = 45CEE61E1AB53F3A00A044AC /* Products */;
			projectDirPath = "";
			projectRoot = "";
			targets = (
				45CEE61C1AB53F3A00A044AC /* TrackMix */,
				45CEE62F1AB53F3A00A044AC /* TrackMixTests */,
			);
		};
/* End PBXProject section */

/* Begin PBXResourcesBuildPhase section */
		45CEE61B1AB53F3A00A044AC /* Resources */ = {
			isa = PBXResourcesBuildPhase;
			buildActionMask = 2147483647;
			files = (
				45CEE6281AB53F3A00A044AC /* Images.xcassets in Resources */,
				45CEE62B1AB53F3A00A044AC /* MainMenu.xib in Resources */,
			);
			runOnlyForDeploymentPostprocessing = 0;
		};
		45CEE62E1AB53F3A00A044AC /* Resources */ = {
			isa = PBXResourcesBuildPhase;
			buildActionMask = 2147483647;
			files = (
			);
			runOnlyForDeploymentPostprocessing = 0;
		};
/* End PBXResourcesBuildPhase section */

/* Begin PBXSourcesBuildPhase section */
		45CEE6191AB53F3A00A044AC /* Sources */ = {
			isa = PBXSourcesBuildPhase;
			buildActionMask = 2147483647;
			files = (
				88EFFB281AB6DAD700E3C850 /* Track.m in Sources */,
				45CEE6261AB53F3A00A044AC /* main.m in Sources */,
				45CEE6241AB53F3A00A044AC /* AppDelegate.m in Sources */,
			);
			runOnlyForDeploymentPostprocessing = 0;
		};
		45CEE62C1AB53F3A00A044AC /* Sources */ = {
			isa = PBXSourcesBuildPhase;
			buildActionMask = 2147483647;
			files = (
				45CEE6371AB53F3A00A044AC /* TrackMixTests.m in Sources */,
			);
			runOnlyForDeploymentPostprocessing = 0;
		};
/* End PBXSourcesBuildPhase section */

/* Begin PBXTargetDependency section */
		45CEE6321AB53F3A00A044AC /* PBXTargetDependency */ = {
			isa = PBXTargetDependency;
			target = 45CEE61C1AB53F3A00A044AC /* TrackMix */;
			targetProxy = 45CEE6311AB53F3A00A044AC /* PBXContainerItemProxy */;
		};
/* End PBXTargetDependency section */

/* Begin PBXVariantGroup section */
		45CEE6291AB53F3A00A044AC /* MainMenu.xib */ = {
			isa = PBXVariantGroup;
			children = (
				45CEE62A1AB53F3A00A044AC /* Base */,
			);
			name = MainMenu.xib;
			sourceTree = "<group>";
		};
/* End PBXVariantGroup section */

/* Begin XCBuildConfiguration section */
		45CEE6381AB53F3A00A044AC /* Debug */ = {
			isa = XCBuildConfiguration;
			buildSettings = {
				ALWAYS_SEARCH_USER_PATHS = NO;
				CLANG_CXX_LANGUAGE_STANDARD = "gnu++0x";
				CLANG_CXX_LIBRARY = "libc++";
				CLANG_ENABLE_MODULES = YES;
				CLANG_ENABLE_OBJC_ARC = YES;
				CLANG_WARN_BOOL_CONVERSION = YES;
				CLANG_WARN_CONSTANT_CONVERSION = YES;
				CLANG_WARN_DIRECT_OBJC_ISA_USAGE = YES_ERROR;
				CLANG_WARN_EMPTY_BODY = YES;
				CLANG_WARN_ENUM_CONVERSION = YES;
				CLANG_WARN_INT_CONVERSION = YES;
				CLANG_WARN_OBJC_ROOT_CLASS = YES_ERROR;
				CLANG_WARN_UNREACHABLE_CODE = YES;
				CLANG_WARN__DUPLICATE_METHOD_MATCH = YES;
				CODE_SIGN_IDENTITY = "-";
				COPY_PHASE_STRIP = NO;
				ENABLE_STRICT_OBJC_MSGSEND = YES;
				GCC_C_LANGUAGE_STANDARD = gnu99;
				GCC_DYNAMIC_NO_PIC = NO;
				GCC_OPTIMIZATION_LEVEL = 0;
				GCC_PREPROCESSOR_DEFINITIONS = (
					"DEBUG=1",
					"$(inherited)",
				);
				GCC_SYMBOLS_PRIVATE_EXTERN = NO;
				GCC_WARN_64_TO_32_BIT_CONVERSION = YES;
				GCC_WARN_ABOUT_RETURN_TYPE = YES_ERROR;
				GCC_WARN_UNDECLARED_SELECTOR = YES;
				GCC_WARN_UNINITIALIZED_AUTOS = YES_AGGRESSIVE;
				GCC_WARN_UNUSED_FUNCTION = YES;
				GCC_WARN_UNUSED_VARIABLE = YES;
				MACOSX_DEPLOYMENT_TARGET = 10.10;
				MTL_ENABLE_DEBUG_INFO = YES;
				ONLY_ACTIVE_ARCH = YES;
				SDKROOT = macosx;
			};
			name = Debug;
		};
		45CEE6391AB53F3A00A044AC /* Release */ = {
			isa = XCBuildConfiguration;
			buildSettings = {
				ALWAYS_SEARCH_USER_PATHS = NO;
				CLANG_CXX_LANGUAGE_STANDARD = "gnu++0x";
				CLANG_CXX_LIBRARY = "libc++";
				CLANG_ENABLE_MODULES = YES;
				CLANG_ENABLE_OBJC_ARC = YES;
				CLANG_WARN_BOOL_CONVERSION = YES;
				CLANG_WARN_CONSTANT_CONVERSION = YES;
				CLANG_WARN_DIRECT_OBJC_ISA_USAGE = YES_ERROR;
				CLANG_WARN_EMPTY_BODY = YES;
				CLANG_WARN_ENUM_CONVERSION = YES;
				CLANG_WARN_INT_CONVERSION = YES;
				CLANG_WARN_OBJC_ROOT_CLASS = YES_ERROR;
				CLANG_WARN_UNREACHABLE_CODE = YES;
				CLANG_WARN__DUPLICATE_METHOD_MATCH = YES;
				CODE_SIGN_IDENTITY = "-";
				COPY_PHASE_STRIP = NO;
				DEBUG_INFORMATION_FORMAT = "dwarf-with-dsym";
				ENABLE_NS_ASSERTIONS = NO;
				ENABLE_STRICT_OBJC_MSGSEND = YES;
				GCC_C_LANGUAGE_STANDARD = gnu99;
				GCC_WARN_64_TO_32_BIT_CONVERSION = YES;
				GCC_WARN_ABOUT_RETURN_TYPE = YES_ERROR;
				GCC_WARN_UNDECLARED_SELECTOR = YES;
				GCC_WARN_UNINITIALIZED_AUTOS = YES_AGGRESSIVE;
				GCC_WARN_UNUSED_FUNCTION = YES;
				GCC_WARN_UNUSED_VARIABLE = YES;
				MACOSX_DEPLOYMENT_TARGET = 10.10;
				MTL_ENABLE_DEBUG_INFO = NO;
				SDKROOT = macosx;
			};
			name = Release;
		};
		45CEE63B1AB53F3A00A044AC /* Debug */ = {
			isa = XCBuildConfiguration;
			buildSettings = {
				ASSETCATALOG_COMPILER_APPICON_NAME = AppIcon;
				COMBINE_HIDPI_IMAGES = YES;
				INFOPLIST_FILE = TrackMix/Info.plist;
				LD_RUNPATH_SEARCH_PATHS = "$(inherited) @executable_path/../Frameworks";
				PRODUCT_NAME = "$(TARGET_NAME)";
			};
			name = Debug;
		};
		45CEE63C1AB53F3A00A044AC /* Release */ = {
			isa = XCBuildConfiguration;
			buildSettings = {
				ASSETCATALOG_COMPILER_APPICON_NAME = AppIcon;
				COMBINE_HIDPI_IMAGES = YES;
				INFOPLIST_FILE = TrackMix/Info.plist;
				LD_RUNPATH_SEARCH_PATHS = "$(inherited) @executable_path/../Frameworks";
				PRODUCT_NAME = "$(TARGET_NAME)";
			};
			name = Release;
		};
		45CEE63E1AB53F3A00A044AC /* Debug */ = {
			isa = XCBuildConfiguration;
			buildSettings = {
				BUNDLE_LOADER = "$(TEST_HOST)";
				COMBINE_HIDPI_IMAGES = YES;
				FRAMEWORK_SEARCH_PATHS = (
					"$(DEVELOPER_FRAMEWORKS_DIR)",
					"$(inherited)",
				);
				GCC_PREPROCESSOR_DEFINITIONS = (
					"DEBUG=1",
					"$(inherited)",
				);
				INFOPLIST_FILE = TrackMixTests/Info.plist;
				LD_RUNPATH_SEARCH_PATHS = "$(inherited) @executable_path/../Frameworks @loader_path/../Frameworks";
				PRODUCT_NAME = "$(TARGET_NAME)";
				TEST_HOST = "$(BUILT_PRODUCTS_DIR)/TrackMix.app/Contents/MacOS/TrackMix";
			};
			name = Debug;
		};
		45CEE63F1AB53F3A00A044AC /* Release */ = {
			isa = XCBuildConfiguration;
			buildSettings = {
				BUNDLE_LOADER = "$(TEST_HOST)";
				COMBINE_HIDPI_IMAGES = YES;
				FRAMEWORK_SEARCH_PATHS = (
					"$(DEVELOPER_FRAMEWORKS_DIR)",
					"$(inherited)",
				);
				INFOPLIST_FILE = TrackMixTests/Info.plist;
				LD_RUNPATH_SEARCH_PATHS = "$(inherited) @executable_path/../Frameworks @loader_path/../Frameworks";
				PRODUCT_NAME = "$(TARGET_NAME)";
				TEST_HOST = "$(BUILT_PRODUCTS_DIR)/TrackMix.app/Contents/MacOS/TrackMix";
			};
			name = Release;
		};
/* End XCBuildConfiguration section */

/* Begin XCConfigurationList section */
		45CEE6181AB53F3A00A044AC /* Build configuration list for PBXProject "TrackMix" */ = {
			isa = XCConfigurationList;
			buildConfigurations = (
				45CEE6381AB53F3A00A044AC /* Debug */,
				45CEE6391AB53F3A00A044AC /* Release */,
			);
			defaultConfigurationIsVisible = 0;
			defaultConfigurationName = Release;
		};
		45CEE63A1AB53F3A00A044AC /* Build configuration list for PBXNativeTarget "TrackMix" */ = {
			isa = XCConfigurationList;
			buildConfigurations = (
				45CEE63B1AB53F3A00A044AC /* Debug */,
				45CEE63C1AB53F3A00A044AC /* Release */,
			);
			defaultConfigurationIsVisible = 0;
			defaultConfigurationName = Release;
		};
		45CEE63D1AB53F3A00A044AC /* Build configuration list for PBXNativeTarget "TrackMixTests" */ = {
			isa = XCConfigurationList;
			buildConfigurations = (
				45CEE63E1AB53F3A00A044AC /* Debug */,
				45CEE63F1AB53F3A00A044AC /* Release */,
			);
			defaultConfigurationIsVisible = 0;
			defaultConfigurationName = Release;
		};
/* End XCConfigurationList section */
	};
	rootObject = 45CEE6151AB53F3A00A044AC /* Project object */;
}
